github.com/parametalol/curry v0.0.2 h1:8Lb2ZtbmGuwfbPv1vTqpaTJ/ekdXwCAYV3R3/dlV+5k=
github.com/parametalol/curry v0.0.2/go.mod h1:36n8Zyxa4qqdDPUu/pgxRDkWs0Zla0vPM4WxWp400tQ=
github.com/parametalol/curry v0.0.3-0.20250630191944-75483416ac77 h1:Im4qYGIYGdJuIZ6gTL9WClM83uVd1MarRO0xmJBKiJU=
github.com/parametalol/curry v0.0.3-0.20250630191944-75483416ac77/go.mod h1:36n8Zyxa4qqdDPUu/pgxRDkWs0Zla0vPM4WxWp400tQ=
github.com/parametalol/curry v0.0.3-0.20250630193418-ef8914afa91b h1:jS5PPL8LpANSirdqUYd6JLwWi7yglUhV5yaozYakqHQ=
github.com/parametalol/curry v0.0.3-0.20250630193418-ef8914afa91b/go.mod h1:36n8Zyxa4qqdDPUu/pgxRDkWs0Zla0vPM4WxWp400tQ=
